
Microsoft Visual Studio Solution File, Format Version 12.00
# Visual Studio Version 16
VisualStudioVersion = 16.0.30011.22
MinimumVisualStudioVersion = 10.0.40219.1
Project("{FAE04EC0-301F-11D3-BF4B-00C04F79EFBC}") = "UmidShop", "UmidShop\UmidShop.csproj", "{9BF98ACB-CC1A-46F0-B914-BBC50BC105D5}"
EndProject
Global
	GlobalSection(SolutionConfigurationPlatforms) = preSolution
		Debug|Any CPU = Debug|Any CPU
		Release|Any CPU = Release|Any CPU
	EndGlobalSection
	GlobalSection(ProjectConfigurationPlatforms) = postSolution
		{9BF98ACB-CC1A-46F0-B914-BBC50BC105D5}.Debug|Any CPU.ActiveCfg = Debug|Any CPU
		{9BF98ACB-CC1A-46F0-B914-BBC50BC105D5}.Debug|Any CPU.Build.0 = Debug|Any CPU
		{9BF98ACB-CC1A-46F0-B914-BBC50BC105D5}.Release|Any CPU.ActiveCfg = Release|Any CPU
		{9BF98ACB-CC1A-46F0-B914-BBC50BC105D5}.Release|Any CPU.Build.0 = Release|Any CPU
	EndGlobalSection
	GlobalSection(SolutionProperties) = preSolution
		HideSolutionNode = FALSE
	EndGlobalSection
	GlobalSection(ExtensibilityGlobals) = postSolution
		SolutionGuid = {CD36B4A0-85C6-4604-95EF-F4E040985727}
	EndGlobalSection
EndGlobal
